
Microsoft Visual Studio Solution File, Format Version 12.00
# Visual Studio Version 17
VisualStudioVersion = 17.11.35222.181
MinimumVisualStudioVersion = 10.0.40219.1
Project("{9A19103F-16F7-4668-BE54-9A1E7A4F7556}") = "Mandelbrot", "Mandelbrot\Mandelbrot.csproj", "{B7923D9F-E657-4278-BBE0-0C56A938BFB0}"
EndProject
Project("{FAE04EC0-301F-11D3-BF4B-00C04F79EFBC}") = "MandelbrotTest", "MandelbrotTest\MandelbrotTest.csproj", "{8534C92D-F1BD-446F-9B37-6CE23A3C9A11}"
EndProject
Global
	GlobalSection(SolutionConfigurationPlatforms) = preSolution
		Debug|Any CPU = Debug|Any CPU
		Release|Any CPU = Release|Any CPU
	EndGlobalSection
	GlobalSection(ProjectConfigurationPlatforms) = postSolution
		{B7923D9F-E657-4278-BBE0-0C56A938BFB0}.Debug|Any CPU.ActiveCfg = Debug|Any CPU
		{B7923D9F-E657-4278-BBE0-0C56A938BFB0}.Debug|Any CPU.Build.0 = Debug|Any CPU
		{B7923D9F-E657-4278-BBE0-0C56A938BFB0}.Release|Any CPU.ActiveCfg = Release|Any CPU
		{B7923D9F-E657-4278-BBE0-0C56A938BFB0}.Release|Any CPU.Build.0 = Release|Any CPU
		{8534C92D-F1BD-446F-9B37-6CE23A3C9A11}.Debug|Any CPU.ActiveCfg = Debug|Any CPU
		{8534C92D-F1BD-446F-9B37-6CE23A3C9A11}.Debug|Any CPU.Build.0 = Debug|Any CPU
		{8534C92D-F1BD-446F-9B37-6CE23A3C9A11}.Release|Any CPU.ActiveCfg = Release|Any CPU
		{8534C92D-F1BD-446F-9B37-6CE23A3C9A11}.Release|Any CPU.Build.0 = Release|Any CPU
	EndGlobalSection
	GlobalSection(SolutionProperties) = preSolution
		HideSolutionNode = FALSE
	EndGlobalSection
	GlobalSection(ExtensibilityGlobals) = postSolution
		SolutionGuid = {9C67D9AD-94B3-4FBA-9704-4E7E2318074E}
	EndGlobalSection
EndGlobal
